// !$*UTF8*$!
{
	archiveVersion = 1;
	classes = {
	};
	objectVersion = 50;
	objects = {

/* Begin PBXBuildFile section */
		14257A19216EA280008BE752 /* AppDelegate.swift in Sources */ = {isa = PBXBuildFile; fileRef = 14257A18216EA280008BE752 /* AppDelegate.swift */; };
		14257A1B216EA280008BE752 /* LiteTableController.swift in Sources */ = {isa = PBXBuildFile; fileRef = 14257A1A216EA280008BE752 /* LiteTableController.swift */; };
		14257A1D216EA282008BE752 /* Assets.xcassets in Resources */ = {isa = PBXBuildFile; fileRef = 14257A1C216EA282008BE752 /* Assets.xcassets */; };
		14257A20216EA282008BE752 /* Main.storyboard in Resources */ = {isa = PBXBuildFile; fileRef = 14257A1E216EA282008BE752 /* Main.storyboard */; };
		14257A29216EA305008BE752 /* LiteTableView.swift in Sources */ = {isa = PBXBuildFile; fileRef = 14257A28216EA305008BE752 /* LiteTableView.swift */; };
		14257A2B216EA3E5008BE752 /* LiteTableProtocols.swift in Sources */ = {isa = PBXBuildFile; fileRef = 14257A2A216EA3E5008BE752 /* LiteTableProtocols.swift */; };
		14257A2D216EA482008BE752 /* Deque.swift in Sources */ = {isa = PBXBuildFile; fileRef = 14257A2C216EA482008BE752 /* Deque.swift */; };
		14257A2F216EC57A008BE752 /* LiteTableCell.swift in Sources */ = {isa = PBXBuildFile; fileRef = 14257A2E216EC57A008BE752 /* LiteTableCell.swift */; };
		14257A31216EE5A1008BE752 /* DequeIterator.swift in Sources */ = {isa = PBXBuildFile; fileRef = 14257A30216EE5A1008BE752 /* DequeIterator.swift */; };
		14E70E00217414EC00413C13 /* DequeDelegate.swift in Sources */ = {isa = PBXBuildFile; fileRef = 14E70DFF217414EC00413C13 /* DequeDelegate.swift */; };
/* End PBXBuildFile section */

/* Begin PBXFileReference section */
		14257A15216EA280008BE752 /* LiteTable.app */ = {isa = PBXFileReference; explicitFileType = wrapper.application; includeInIndex = 0; path = LiteTable.app; sourceTree = BUILT_PRODUCTS_DIR; };
		14257A18216EA280008BE752 /* AppDelegate.swift */ = {isa = PBXFileReference; lastKnownFileType = sourcecode.swift; path = AppDelegate.swift; sourceTree = "<group>"; };
		14257A1A216EA280008BE752 /* LiteTableController.swift */ = {isa = PBXFileReference; lastKnownFileType = sourcecode.swift; path = LiteTableController.swift; sourceTree = "<group>"; };
		14257A1C216EA282008BE752 /* Assets.xcassets */ = {isa = PBXFileReference; lastKnownFileType = folder.assetcatalog; path = Assets.xcassets; sourceTree = "<group>"; };
		14257A1F216EA282008BE752 /* Base */ = {isa = PBXFileReference; lastKnownFileType = file.storyboard; name = Base; path = Base.lproj/Main.storyboard; sourceTree = "<group>"; };
		14257A21216EA282008BE752 /* Info.plist */ = {isa = PBXFileReference; lastKnownFileType = text.plist.xml; path = Info.plist; sourceTree = "<group>"; };
		14257A22216EA282008BE752 /* LiteTable.entitlements */ = {isa = PBXFileReference; lastKnownFileType = text.plist.entitlements; path = LiteTable.entitlements; sourceTree = "<group>"; };
		14257A28216EA305008BE752 /* LiteTableView.swift */ = {isa = PBXFileReference; lastKnownFileType = sourcecode.swift; path = LiteTableView.swift; sourceTree = "<group>"; };
		14257A2A216EA3E5008BE752 /* LiteTableProtocols.swift */ = {isa = PBXFileReference; lastKnownFileType = sourcecode.swift; path = LiteTableProtocols.swift; sourceTree = "<group>"; };
		14257A2C216EA482008BE752 /* Deque.swift */ = {isa = PBXFileReference; lastKnownFileType = sourcecode.swift; path = Deque.swift; sourceTree = "<group>"; };
		14257A2E216EC57A008BE752 /* LiteTableCell.swift */ = {isa = PBXFileReference; lastKnownFileType = sourcecode.swift; path = LiteTableCell.swift; sourceTree = "<group>"; };
		14257A30216EE5A1008BE752 /* DequeIterator.swift */ = {isa = PBXFileReference; lastKnownFileType = sourcecode.swift; path = DequeIterator.swift; sourceTree = "<group>"; };
		14E70DFF217414EC00413C13 /* DequeDelegate.swift */ = {isa = PBXFileReference; lastKnownFileType = sourcecode.swift; path = DequeDelegate.swift; sourceTree = "<group>"; };
/* End PBXFileReference section */

/* Begin PBXFrameworksBuildPhase section */
		14257A12216EA280008BE752 /* Frameworks */ = {
			isa = PBXFrameworksBuildPhase;
			buildActionMask = 2147483647;
			files = (
			);
			runOnlyForDeploymentPostprocessing = 0;
		};
/* End PBXFrameworksBuildPhase section */

/* Begin PBXGroup section */
		14257A0C216EA280008BE752 = {
			isa = PBXGroup;
			children = (
				14257A17216EA280008BE752 /* LiteTable */,
				14257A16216EA280008BE752 /* Products */,
			);
			sourceTree = "<group>";
		};
		14257A16216EA280008BE752 /* Products */ = {
			isa = PBXGroup;
			children = (
				14257A15216EA280008BE752 /* LiteTable.app */,
			);
			name = Products;
			sourceTree = "<group>";
		};
		14257A17216EA280008BE752 /* LiteTable */ = {
			isa = PBXGroup;
			children = (
				14257A18216EA280008BE752 /* AppDelegate.swift */,
				14257A1A216EA280008BE752 /* LiteTableController.swift */,
				14257A2A216EA3E5008BE752 /* LiteTableProtocols.swift */,
				14257A2E216EC57A008BE752 /* LiteTableCell.swift */,
				14257A28216EA305008BE752 /* LiteTableView.swift */,
				14E70DFE217410FA00413C13 /* Deque */,
				14257A1C216EA282008BE752 /* Assets.xcassets */,
				14257A1E216EA282008BE752 /* Main.storyboard */,
				14257A21216EA282008BE752 /* Info.plist */,
				14257A22216EA282008BE752 /* LiteTable.entitlements */,
			);
			path = LiteTable;
			sourceTree = "<group>";
		};
		14E70DFE217410FA00413C13 /* Deque */ = {
			isa = PBXGroup;
			children = (
				14257A2C216EA482008BE752 /* Deque.swift */,
				14257A30216EE5A1008BE752 /* DequeIterator.swift */,
				14E70DFF217414EC00413C13 /* DequeDelegate.swift */,
			);
			path = Deque;
			sourceTree = "<group>";
		};
/* End PBXGroup section */

/* Begin PBXNativeTarget section */
		14257A14216EA280008BE752 /* LiteTable */ = {
			isa = PBXNativeTarget;
			buildConfigurationList = 14257A25216EA282008BE752 /* Build configuration list for PBXNativeTarget "LiteTable" */;
			buildPhases = (
				14257A11216EA280008BE752 /* Sources */,
				14257A12216EA280008BE752 /* Frameworks */,
				14257A13216EA280008BE752 /* Resources */,
			);
			buildRules = (
			);
			dependencies = (
			);
			name = LiteTable;
			productName = LiteTable;
			productReference = 14257A15216EA280008BE752 /* LiteTable.app */;
			productType = "com.apple.product-type.application";
		};
/* End PBXNativeTarget section */

/* Begin PBXProject section */
		14257A0D216EA280008BE752 /* Project object */ = {
			isa = PBXProject;
			attributes = {
				LastSwiftUpdateCheck = 1000;
				LastUpgradeCheck = 1000;
				ORGANIZATIONNAME = "Yaxin Cheng";
				TargetAttributes = {
					14257A14216EA280008BE752 = {
						CreatedOnToolsVersion = 10.0;
					};
				};
			};
			buildConfigurationList = 14257A10216EA280008BE752 /* Build configuration list for PBXProject "LiteTable" */;
			compatibilityVersion = "Xcode 9.3";
			developmentRegion = en;
			hasScannedForEncodings = 0;
			knownRegions = (
				en,
				Base,
			);
			mainGroup = 14257A0C216EA280008BE752;
			productRefGroup = 14257A16216EA280008BE752 /* Products */;
			projectDirPath = "";
			projectRoot = "";
			targets = (
				14257A14216EA280008BE752 /* LiteTable */,
			);
		};
/* End PBXProject section */

/* Begin PBXResourcesBuildPhase section */
		14257A13216EA280008BE752 /* Resources */ = {
			isa = PBXResourcesBuildPhase;
			buildActionMask = 2147483647;
			files = (
				14257A1D216EA282008BE752 /* Assets.xcassets in Resources */,
				14257A20216EA282008BE752 /* Main.storyboard in Resources */,
			);
			runOnlyForDeploymentPostprocessing = 0;
		};
/* End PBXResourcesBuildPhase section */

/* Begin PBXSourcesBuildPhase section */
		14257A11216EA280008BE752 /* Sources */ = {
			isa = PBXSourcesBuildPhase;
			buildActionMask = 2147483647;
			files = (
				14257A31216EE5A1008BE752 /* DequeIterator.swift in Sources */,
				14257A2F216EC57A008BE752 /* LiteTableCell.swift in Sources */,
				14257A29216EA305008BE752 /* LiteTableView.swift in Sources */,
				14257A1B216EA280008BE752 /* LiteTableController.swift in Sources */,
				14257A19216EA280008BE752 /* AppDelegate.swift in Sources */,
				14E70E00217414EC00413C13 /* DequeDelegate.swift in Sources */,
				14257A2D216EA482008BE752 /* Deque.swift in Sources */,
				14257A2B216EA3E5008BE752 /* LiteTableProtocols.swift in Sources */,
			);
			runOnlyForDeploymentPostprocessing = 0;
		};
/* End PBXSourcesBuildPhase section */

/* Begin PBXVariantGroup section */
		14257A1E216EA282008BE752 /* Main.storyboard */ = {
			isa = PBXVariantGroup;
			children = (
				14257A1F216EA282008BE752 /* Base */,
			);
			name = Main.storyboard;
			sourceTree = "<group>";
		};
/* End PBXVariantGroup section */

/* Begin XCBuildConfiguration section */
		14257A23216EA282008BE752 /* Debug */ = {
			isa = XCBuildConfiguration;
			buildSettings = {
				ALWAYS_SEARCH_USER_PATHS = NO;
				CLANG_ANALYZER_NONNULL = YES;
				CLANG_ANALYZER_NUMBER_OBJECT_CONVERSION = YES_AGGRESSIVE;
				CLANG_CXX_LANGUAGE_STANDARD = "gnu++14";
				CLANG_CXX_LIBRARY = "libc++";
				CLANG_ENABLE_MODULES = YES;
				CLANG_ENABLE_OBJC_ARC = YES;
				CLANG_ENABLE_OBJC_WEAK = YES;
				CLANG_WARN_BLOCK_CAPTURE_AUTORELEASING = YES;
				CLANG_WARN_BOOL_CONVERSION = YES;
				CLANG_WARN_COMMA = YES;
				CLANG_WARN_CONSTANT_CONVERSION = YES;
				CLANG_WARN_DEPRECATED_OBJC_IMPLEMENTATIONS = YES;
				CLANG_WARN_DIRECT_OBJC_ISA_USAGE = YES_ERROR;
				CLANG_WARN_DOCUMENTATION_COMMENTS = YES;
				CLANG_WARN_EMPTY_BODY = YES;
				CLANG_WARN_ENUM_CONVERSION = YES;
				CLANG_WARN_INFINITE_RECURSION = YES;
				CLANG_WARN_INT_CONVERSION = YES;
				CLANG_WARN_NON_LITERAL_NULL_CONVERSION = YES;
				CLANG_WARN_OBJC_IMPLICIT_RETAIN_SELF = YES;
				CLANG_WARN_OBJC_LITERAL_CONVERSION = YES;
				CLANG_WARN_OBJC_ROOT_CLASS = YES_ERROR;
				CLANG_WARN_RANGE_LOOP_ANALYSIS = YES;
				CLANG_WARN_STRICT_PROTOTYPES = YES;
				CLANG_WARN_SUSPICIOUS_MOVE = YES;
				CLANG_WARN_UNGUARDED_AVAILABILITY = YES_AGGRESSIVE;
				CLANG_WARN_UNREACHABLE_CODE = YES;
				CLANG_WARN__DUPLICATE_METHOD_MATCH = YES;
				CODE_SIGN_IDENTITY = "Mac Developer";
				COPY_PHASE_STRIP = NO;
				DEBUG_INFORMATION_FORMAT = dwarf;
				ENABLE_STRICT_OBJC_MSGSEND = YES;
				ENABLE_TESTABILITY = YES;
				GCC_C_LANGUAGE_STANDARD = gnu11;
				GCC_DYNAMIC_NO_PIC = NO;
				GCC_NO_COMMON_BLOCKS = YES;
				GCC_OPTIMIZATION_LEVEL = 0;
				GCC_PREPROCESSOR_DEFINITIONS = (
					"DEBUG=1",
					"$(inherited)",
				);
				GCC_WARN_64_TO_32_BIT_CONVERSION = YES;
				GCC_WARN_ABOUT_RETURN_TYPE = YES_ERROR;
				GCC_WARN_UNDECLARED_SELECTOR = YES;
				GCC_WARN_UNINITIALIZED_AUTOS = YES_AGGRESSIVE;
				GCC_WARN_UNUSED_FUNCTION = YES;
				GCC_WARN_UNUSED_VARIABLE = YES;
				MACOSX_DEPLOYMENT_TARGET = 10.14;
				MTL_ENABLE_DEBUG_INFO = INCLUDE_SOURCE;
				MTL_FAST_MATH = YES;
				ONLY_ACTIVE_ARCH = YES;
				SDKROOT = macosx;
				SWIFT_ACTIVE_COMPILATION_CONDITIONS = DEBUG;
				SWIFT_OPTIMIZATION_LEVEL = "-Onone";
			};
			name = Debug;
		};
		14257A24216EA282008BE752 /* Release */ = {
			isa = XCBuildConfiguration;
			buildSettings = {
				ALWAYS_SEARCH_USER_PATHS = NO;
				CLANG_ANALYZER_NONNULL = YES;
				CLANG_ANALYZER_NUMBER_OBJECT_CONVERSION = YES_AGGRESSIVE;
				CLANG_CXX_LANGUAGE_STANDARD = "gnu++14";
				CLANG_CXX_LIBRARY = "libc++";
				CLANG_ENABLE_MODULES = YES;
				CLANG_ENABLE_OBJC_ARC = YES;
				CLANG_ENABLE_OBJC_WEAK = YES;
				CLANG_WARN_BLOCK_CAPTURE_AUTORELEASING = YES;
				CLANG_WARN_BOOL_CONVERSION = YES;
				CLANG_WARN_COMMA = YES;
				CLANG_WARN_CONSTANT_CONVERSION = YES;
				CLANG_WARN_DEPRECATED_OBJC_IMPLEMENTATIONS = YES;
				CLANG_WARN_DIRECT_OBJC_ISA_USAGE = YES_ERROR;
				CLANG_WARN_DOCUMENTATION_COMMENTS = YES;
				CLANG_WARN_EMPTY_BODY = YES;
				CLANG_WARN_ENUM_CONVERSION = YES;
				CLANG_WARN_INFINITE_RECURSION = YES;
				CLANG_WARN_INT_CONVERSION = YES;
				CLANG_WARN_NON_LITERAL_NULL_CONVERSION = YES;
				CLANG_WARN_OBJC_IMPLICIT_RETAIN_SELF = YES;
				CLANG_WARN_OBJC_LITERAL_CONVERSION = YES;
				CLANG_WARN_OBJC_ROOT_CLASS = YES_ERROR;
				CLANG_WARN_RANGE_LOOP_ANALYSIS = YES;
				CLANG_WARN_STRICT_PROTOTYPES = YES;
				CLANG_WARN_SUSPICIOUS_MOVE = YES;
				CLANG_WARN_UNGUARDED_AVAILABILITY = YES_AGGRESSIVE;
				CLANG_WARN_UNREACHABLE_CODE = YES;
				CLANG_WARN__DUPLICATE_METHOD_MATCH = YES;
				CODE_SIGN_IDENTITY = "Mac Developer";
				COPY_PHASE_STRIP = NO;
				DEBUG_INFORMATION_FORMAT = "dwarf-with-dsym";
				ENABLE_NS_ASSERTIONS = NO;
				ENABLE_STRICT_OBJC_MSGSEND = YES;
				GCC_C_LANGUAGE_STANDARD = gnu11;
				GCC_NO_COMMON_BLOCKS = YES;
				GCC_WARN_64_TO_32_BIT_CONVERSION = YES;
				GCC_WARN_ABOUT_RETURN_TYPE = YES_ERROR;
				GCC_WARN_UNDECLARED_SELECTOR = YES;
				GCC_WARN_UNINITIALIZED_AUTOS = YES_AGGRESSIVE;
				GCC_WARN_UNUSED_FUNCTION = YES;
				GCC_WARN_UNUSED_VARIABLE = YES;
				MACOSX_DEPLOYMENT_TARGET = 10.14;
				MTL_ENABLE_DEBUG_INFO = NO;
				MTL_FAST_MATH = YES;
				SDKROOT = macosx;
				SWIFT_COMPILATION_MODE = wholemodule;
				SWIFT_OPTIMIZATION_LEVEL = "-O";
			};
			name = Release;
		};
		14257A26216EA282008BE752 /* Debug */ = {
			isa = XCBuildConfiguration;
			buildSettings = {
				ASSETCATALOG_COMPILER_APPICON_NAME = AppIcon;
				CODE_SIGN_ENTITLEMENTS = LiteTable/LiteTable.entitlements;
				CODE_SIGN_STYLE = Automatic;
				COMBINE_HIDPI_IMAGES = YES;
				DEVELOPMENT_TEAM = SC2G2H5LRL;
				INFOPLIST_FILE = LiteTable/Info.plist;
				LD_RUNPATH_SEARCH_PATHS = (
					"$(inherited)",
					"@executable_path/../Frameworks",
				);
				PRODUCT_BUNDLE_IDENTIFIER = com.ycheng.LiteTable;
				PRODUCT_NAME = "$(TARGET_NAME)";
				SWIFT_VERSION = 4.2;
			};
			name = Debug;
		};
		14257A27216EA282008BE752 /* Release */ = {
			isa = XCBuildConfiguration;
			buildSettings = {
				ASSETCATALOG_COMPILER_APPICON_NAME = AppIcon;
				CODE_SIGN_ENTITLEMENTS = LiteTable/LiteTable.entitlements;
				CODE_SIGN_STYLE = Automatic;
				COMBINE_HIDPI_IMAGES = YES;
				DEVELOPMENT_TEAM = SC2G2H5LRL;
				INFOPLIST_FILE = LiteTable/Info.plist;
				LD_RUNPATH_SEARCH_PATHS = (
					"$(inherited)",
					"@executable_path/../Frameworks",
				);
				PRODUCT_BUNDLE_IDENTIFIER = com.ycheng.LiteTable;
				PRODUCT_NAME = "$(TARGET_NAME)";
				SWIFT_VERSION = 4.2;
			};
			name = Release;
		};
/* End XCBuildConfiguration section */

/* Begin XCConfigurationList section */
		14257A10216EA280008BE752 /* Build configuration list for PBXProject "LiteTable" */ = {
			isa = XCConfigurationList;
			buildConfigurations = (
				14257A23216EA282008BE752 /* Debug */,
				14257A24216EA282008BE752 /* Release */,
			);
			defaultConfigurationIsVisible = 0;
			defaultConfigurationName = Release;
		};
		14257A25216EA282008BE752 /* Build configuration list for PBXNativeTarget "LiteTable" */ = {
			isa = XCConfigurationList;
			buildConfigurations = (
				14257A26216EA282008BE752 /* Debug */,
				14257A27216EA282008BE752 /* Release */,
			);
			defaultConfigurationIsVisible = 0;
			defaultConfigurationName = Release;
		};
/* End XCConfigurationList section */
	};
	rootObject = 14257A0D216EA280008BE752 /* Project object */;
}
